
Microsoft Visual Studio Solution File, Format Version 12.00
# Visual Studio 15
VisualStudioVersion = 15.0.28010.2036
MinimumVisualStudioVersion = 10.0.40219.1
Project("{FAE04EC0-301F-11D3-BF4B-00C04F79EFBC}") = "Approver.Server", "Approver.Server\Approver.Server.csproj", "{C41F690B-3310-49C4-B183-771DE8FBF51A}"
EndProject
Project("{FAE04EC0-301F-11D3-BF4B-00C04F79EFBC}") = "Approver.Client", "Approver.Client\Approver.Client.csproj", "{99933C5D-2F6B-4451-ADD4-97E4408185C4}"
EndProject
Project("{FAE04EC0-301F-11D3-BF4B-00C04F79EFBC}") = "Approver.Shared", "Approver.Shared\Approver.Shared.csproj", "{92EF1D5D-B705-44C0-AC7B-19ABF2A85F46}"
EndProject
Global
	GlobalSection(SolutionConfigurationPlatforms) = preSolution
		Debug|Any CPU = Debug|Any CPU
		Release|Any CPU = Release|Any CPU
	EndGlobalSection
	GlobalSection(ProjectConfigurationPlatforms) = postSolution
		{C41F690B-3310-49C4-B183-771DE8FBF51A}.Debug|Any CPU.ActiveCfg = Debug|Any CPU
		{C41F690B-3310-49C4-B183-771DE8FBF51A}.Debug|Any CPU.Build.0 = Debug|Any CPU
		{C41F690B-3310-49C4-B183-771DE8FBF51A}.Release|Any CPU.ActiveCfg = Release|Any CPU
		{C41F690B-3310-49C4-B183-771DE8FBF51A}.Release|Any CPU.Build.0 = Release|Any CPU
		{99933C5D-2F6B-4451-ADD4-97E4408185C4}.Debug|Any CPU.ActiveCfg = Debug|Any CPU
		{99933C5D-2F6B-4451-ADD4-97E4408185C4}.Debug|Any CPU.Build.0 = Debug|Any CPU
		{99933C5D-2F6B-4451-ADD4-97E4408185C4}.Release|Any CPU.ActiveCfg = Release|Any CPU
		{99933C5D-2F6B-4451-ADD4-97E4408185C4}.Release|Any CPU.Build.0 = Release|Any CPU
		{92EF1D5D-B705-44C0-AC7B-19ABF2A85F46}.Debug|Any CPU.ActiveCfg = Debug|Any CPU
		{92EF1D5D-B705-44C0-AC7B-19ABF2A85F46}.Debug|Any CPU.Build.0 = Debug|Any CPU
		{92EF1D5D-B705-44C0-AC7B-19ABF2A85F46}.Release|Any CPU.ActiveCfg = Release|Any CPU
		{92EF1D5D-B705-44C0-AC7B-19ABF2A85F46}.Release|Any CPU.Build.0 = Release|Any CPU
	EndGlobalSection
	GlobalSection(SolutionProperties) = preSolution
		HideSolutionNode = FALSE
	EndGlobalSection
	GlobalSection(ExtensibilityGlobals) = postSolution
		SolutionGuid = {8BE80CCA-B6D9-4E1C-9A1F-B018BF205492}
	EndGlobalSection
EndGlobal
